Microsoft Visual Studio Solution File, Format Version 12.00
# Visual Studio Version 16
VisualStudioVersion = 16.0.0.0
MinimumVisualStudioVersion = 16.0.0.0
Project("{9A19103F-16F7-4668-BE54-9A1E7A4F7556}") = "blazortest1.Server", "Server\blazortest1.Server.csproj", "{5241BA42-C3AD-4800-B349-08296D15E4F5}"
EndProject
Project("{9A19103F-16F7-4668-BE54-9A1E7A4F7556}") = "blazortest1.Client", "Client\blazortest1.Client.csproj", "{C4FDF14B-95B7-4FF5-AD93-A7C34BAE9E25}"
EndProject
Project("{9A19103F-16F7-4668-BE54-9A1E7A4F7556}") = "blazortest1.Shared", "Shared\blazortest1.Shared.csproj", "{9F6EC5A4-16DE-4141-BEFC-0F7064411EF3}"
EndProject
Global
	GlobalSection(SolutionConfigurationPlatforms) = preSolution
		Debug|Any CPU = Debug|Any CPU
		Debug|x64 = Debug|x64
		Debug|x86 = Debug|x86
		Release|Any CPU = Release|Any CPU
		Release|x64 = Release|x64
		Release|x86 = Release|x86
	EndGlobalSection
	GlobalSection(ProjectConfigurationPlatforms) = postSolution
		{C4FDF14B-95B7-4FF5-AD93-A7C34BAE9E25}.Debug|Any CPU.ActiveCfg = Debug|Any CPU
		{C4FDF14B-95B7-4FF5-AD93-A7C34BAE9E25}.Debug|Any CPU.Build.0 = Debug|Any CPU
		{C4FDF14B-95B7-4FF5-AD93-A7C34BAE9E25}.Debug|x64.ActiveCfg = Debug|Any CPU
		{C4FDF14B-95B7-4FF5-AD93-A7C34BAE9E25}.Debug|x64.Build.0 = Debug|Any CPU
		{C4FDF14B-95B7-4FF5-AD93-A7C34BAE9E25}.Debug|x86.ActiveCfg = Debug|Any CPU
		{C4FDF14B-95B7-4FF5-AD93-A7C34BAE9E25}.Debug|x86.Build.0 = Debug|Any CPU
		{C4FDF14B-95B7-4FF5-AD93-A7C34BAE9E25}.Release|Any CPU.ActiveCfg = Release|Any CPU
		{C4FDF14B-95B7-4FF5-AD93-A7C34BAE9E25}.Release|Any CPU.Build.0 = Release|Any CPU
		{C4FDF14B-95B7-4FF5-AD93-A7C34BAE9E25}.Release|x64.ActiveCfg = Release|Any CPU
		{C4FDF14B-95B7-4FF5-AD93-A7C34BAE9E25}.Release|x64.Build.0 = Release|Any CPU
		{C4FDF14B-95B7-4FF5-AD93-A7C34BAE9E25}.Release|x86.ActiveCfg = Release|Any CPU
		{C4FDF14B-95B7-4FF5-AD93-A7C34BAE9E25}.Release|x86.Build.0 = Release|Any CPU
		{5241BA42-C3AD-4800-B349-08296D15E4F5}.Debug|Any CPU.ActiveCfg = Debug|Any CPU
		{5241BA42-C3AD-4800-B349-08296D15E4F5}.Debug|Any CPU.Build.0 = Debug|Any CPU
		{5241BA42-C3AD-4800-B349-08296D15E4F5}.Debug|x64.ActiveCfg = Debug|Any CPU
		{5241BA42-C3AD-4800-B349-08296D15E4F5}.Debug|x64.Build.0 = Debug|Any CPU
		{5241BA42-C3AD-4800-B349-08296D15E4F5}.Debug|x86.ActiveCfg = Debug|Any CPU
		{5241BA42-C3AD-4800-B349-08296D15E4F5}.Debug|x86.Build.0 = Debug|Any CPU
		{5241BA42-C3AD-4800-B349-08296D15E4F5}.Release|Any CPU.ActiveCfg = Release|Any CPU
		{5241BA42-C3AD-4800-B349-08296D15E4F5}.Release|Any CPU.Build.0 = Release|Any CPU
		{5241BA42-C3AD-4800-B349-08296D15E4F5}.Release|x64.ActiveCfg = Release|Any CPU
		{5241BA42-C3AD-4800-B349-08296D15E4F5}.Release|x64.Build.0 = Release|Any CPU
		{5241BA42-C3AD-4800-B349-08296D15E4F5}.Release|x86.ActiveCfg = Release|Any CPU
		{5241BA42-C3AD-4800-B349-08296D15E4F5}.Release|x86.Build.0 = Release|Any CPU
		{9F6EC5A4-16DE-4141-BEFC-0F7064411EF3}.Debug|Any CPU.ActiveCfg = Debug|Any CPU
		{9F6EC5A4-16DE-4141-BEFC-0F7064411EF3}.Debug|Any CPU.Build.0 = Debug|Any CPU
		{9F6EC5A4-16DE-4141-BEFC-0F7064411EF3}.Debug|x64.ActiveCfg = Debug|Any CPU
		{9F6EC5A4-16DE-4141-BEFC-0F7064411EF3}.Debug|x64.Build.0 = Debug|Any CPU
		{9F6EC5A4-16DE-4141-BEFC-0F7064411EF3}.Debug|x86.ActiveCfg = Debug|Any CPU
		{9F6EC5A4-16DE-4141-BEFC-0F7064411EF3}.Debug|x86.Build.0 = Debug|Any CPU
		{9F6EC5A4-16DE-4141-BEFC-0F7064411EF3}.Release|Any CPU.ActiveCfg = Release|Any CPU
		{9F6EC5A4-16DE-4141-BEFC-0F7064411EF3}.Release|Any CPU.Build.0 = Release|Any CPU
		{9F6EC5A4-16DE-4141-BEFC-0F7064411EF3}.Release|x64.ActiveCfg = Release|Any CPU
		{9F6EC5A4-16DE-4141-BEFC-0F7064411EF3}.Release|x64.Build.0 = Release|Any CPU
		{9F6EC5A4-16DE-4141-BEFC-0F7064411EF3}.Release|x86.ActiveCfg = Release|Any CPU
		{9F6EC5A4-16DE-4141-BEFC-0F7064411EF3}.Release|x86.Build.0 = Release|Any CPU
	EndGlobalSection
	GlobalSection(SolutionProperties) = preSolution
		HideSolutionNode = FALSE
	EndGlobalSection
	GlobalSection(ExtensibilityGlobals) = postSolution
		SolutionGuid = {327B3239-2766-422C-BED7-92047D785808}
	EndGlobalSection
EndGlobal